Microsoft Visual Studio Solution File, Format Version 12.00
# Visual Studio Version 16
VisualStudioVersion = 16.0.29613.14
MinimumVisualStudioVersion = 10.0.40219.1
Project("{9A19103F-16F7-4668-BE54-9A1E7A4F7556}") = "GrievanceService", "Grievances\GrievanceService.csproj", "{AF76DE6B-9F5E-4316-994E-9521ED8675DE}"
EndProject
Global
	GlobalSection(SolutionConfigurationPlatforms) = preSolution
		Debug|Any CPU = Debug|Any CPU
		Release|Any CPU = Release|Any CPU
	EndGlobalSection
	GlobalSection(ProjectConfigurationPlatforms) = postSolution
		{AF76DE6B-9F5E-4316-994E-9521ED8675DE}.Debug|Any CPU.ActiveCfg = Debug|Any CPU
		{AF76DE6B-9F5E-4316-994E-9521ED8675DE}.Debug|Any CPU.Build.0 = Debug|Any CPU
		{AF76DE6B-9F5E-4316-994E-9521ED8675DE}.Release|Any CPU.ActiveCfg = Release|Any CPU
		{AF76DE6B-9F5E-4316-994E-9521ED8675DE}.Release|Any CPU.Build.0 = Release|Any CPU
	EndGlobalSection
	GlobalSection(SolutionProperties) = preSolution
		HideSolutionNode = FALSE
	EndGlobalSection
	GlobalSection(ExtensibilityGlobals) = postSolution
		SolutionGuid = {C798E3FE-8B03-4CF0-BA96-71B1BF0622D0}
	EndGlobalSection
EndGlobal
